
Microsoft Visual Studio Solution File, Format Version 12.00
# Visual Studio Version 16
VisualStudioVersion = 16.0.30104.148
MinimumVisualStudioVersion = 10.0.40219.1
Project("{FAE04EC0-301F-11D3-BF4B-00C04F79EFBC}") = "serual com", "serual com\serual com.csproj", "{87FF9A68-D6B6-4FB3-B8A3-682F3A7C1573}"
EndProject
Global
	GlobalSection(SolutionConfigurationPlatforms) = preSolution
		Debug|Any CPU = Debug|Any CPU
		Release|Any CPU = Release|Any CPU
	EndGlobalSection
	GlobalSection(ProjectConfigurationPlatforms) = postSolution
		{87FF9A68-D6B6-4FB3-B8A3-682F3A7C1573}.Debug|Any CPU.ActiveCfg = Debug|Any CPU
		{87FF9A68-D6B6-4FB3-B8A3-682F3A7C1573}.Debug|Any CPU.Build.0 = Debug|Any CPU
		{87FF9A68-D6B6-4FB3-B8A3-682F3A7C1573}.Release|Any CPU.ActiveCfg = Release|Any CPU
		{87FF9A68-D6B6-4FB3-B8A3-682F3A7C1573}.Release|Any CPU.Build.0 = Release|Any CPU
	EndGlobalSection
	GlobalSection(SolutionProperties) = preSolution
		HideSolutionNode = FALSE
	EndGlobalSection
	GlobalSection(ExtensibilityGlobals) = postSolution
		SolutionGuid = {5F84E14B-F11B-409B-8A05-D59015D652E4}
	EndGlobalSection
EndGlobal
